
Microsoft Visual Studio Solution File, Format Version 12.00
# Visual Studio Version 17
VisualStudioVersion = 17.3.32825.248
MinimumVisualStudioVersion = 10.0.40219.1
Project("{FAE04EC0-301F-11D3-BF4B-00C04F79EFBC}") = "Week5LogicalOperators", "Week5LogicalOperators\Week5LogicalOperators.csproj", "{4BDCE760-66F0-430F-AB35-48F5C0A9C9FE}"
EndProject
Project("{FAE04EC0-301F-11D3-BF4B-00C04F79EFBC}") = "ANDOperator", "ANDOperator\ANDOperator.csproj", "{132B8B33-9DC2-4A44-8DBD-C109B69DFE95}"
EndProject
Project("{FAE04EC0-301F-11D3-BF4B-00C04F79EFBC}") = "OROperator", "OROperator\OROperator.csproj", "{83F7343C-CC1F-4522-BA18-82D70BE86BBC}"
EndProject
Project("{FAE04EC0-301F-11D3-BF4B-00C04F79EFBC}") = "ANDRanges", "ANDRanges\ANDRanges.csproj", "{550D54D2-FE58-41F3-B090-DBD58D303F01}"
EndProject
Global
	GlobalSection(SolutionConfigurationPlatforms) = preSolution
		Debug|Any CPU = Debug|Any CPU
		Release|Any CPU = Release|Any CPU
	EndGlobalSection
	GlobalSection(ProjectConfigurationPlatforms) = postSolution
		{4BDCE760-66F0-430F-AB35-48F5C0A9C9FE}.Debug|Any CPU.ActiveCfg = Debug|Any CPU
		{4BDCE760-66F0-430F-AB35-48F5C0A9C9FE}.Debug|Any CPU.Build.0 = Debug|Any CPU
		{4BDCE760-66F0-430F-AB35-48F5C0A9C9FE}.Release|Any CPU.ActiveCfg = Release|Any CPU
		{4BDCE760-66F0-430F-AB35-48F5C0A9C9FE}.Release|Any CPU.Build.0 = Release|Any CPU
		{132B8B33-9DC2-4A44-8DBD-C109B69DFE95}.Debug|Any CPU.ActiveCfg = Debug|Any CPU
		{132B8B33-9DC2-4A44-8DBD-C109B69DFE95}.Debug|Any CPU.Build.0 = Debug|Any CPU
		{132B8B33-9DC2-4A44-8DBD-C109B69DFE95}.Release|Any CPU.ActiveCfg = Release|Any CPU
		{132B8B33-9DC2-4A44-8DBD-C109B69DFE95}.Release|Any CPU.Build.0 = Release|Any CPU
		{83F7343C-CC1F-4522-BA18-82D70BE86BBC}.Debug|Any CPU.ActiveCfg = Debug|Any CPU
		{83F7343C-CC1F-4522-BA18-82D70BE86BBC}.Debug|Any CPU.Build.0 = Debug|Any CPU
		{83F7343C-CC1F-4522-BA18-82D70BE86BBC}.Release|Any CPU.ActiveCfg = Release|Any CPU
		{83F7343C-CC1F-4522-BA18-82D70BE86BBC}.Release|Any CPU.Build.0 = Release|Any CPU
		{550D54D2-FE58-41F3-B090-DBD58D303F01}.Debug|Any CPU.ActiveCfg = Debug|Any CPU
		{550D54D2-FE58-41F3-B090-DBD58D303F01}.Debug|Any CPU.Build.0 = Debug|Any CPU
		{550D54D2-FE58-41F3-B090-DBD58D303F01}.Release|Any CPU.ActiveCfg = Release|Any CPU
		{550D54D2-FE58-41F3-B090-DBD58D303F01}.Release|Any CPU.Build.0 = Release|Any CPU
	EndGlobalSection
	GlobalSection(SolutionProperties) = preSolution
		HideSolutionNode = FALSE
	EndGlobalSection
	GlobalSection(ExtensibilityGlobals) = postSolution
		SolutionGuid = {7E3E85B2-9F61-427A-8B48-1DC9E588E912}
	EndGlobalSection
EndGlobal
